
Microsoft Visual Studio Solution File, Format Version 12.00
# Visual Studio Version 16
VisualStudioVersion = 16.0.33214.272
MinimumVisualStudioVersion = 10.0.40219.1
Project("{FAE04EC0-301F-11D3-BF4B-00C04F79EFBC}") = "SLNClinica", "SLNClinica\SLNClinica.csproj", "{17CE7952-DF75-4AE1-80D9-1944BE4325C9}"
EndProject
Global
	GlobalSection(SolutionConfigurationPlatforms) = preSolution
		Debug|Any CPU = Debug|Any CPU
		Release|Any CPU = Release|Any CPU
	EndGlobalSection
	GlobalSection(ProjectConfigurationPlatforms) = postSolution
		{17CE7952-DF75-4AE1-80D9-1944BE4325C9}.Debug|Any CPU.ActiveCfg = Debug|Any CPU
		{17CE7952-DF75-4AE1-80D9-1944BE4325C9}.Debug|Any CPU.Build.0 = Debug|Any CPU
		{17CE7952-DF75-4AE1-80D9-1944BE4325C9}.Release|Any CPU.ActiveCfg = Release|Any CPU
		{17CE7952-DF75-4AE1-80D9-1944BE4325C9}.Release|Any CPU.Build.0 = Release|Any CPU
	EndGlobalSection
	GlobalSection(SolutionProperties) = preSolution
		HideSolutionNode = FALSE
	EndGlobalSection
	GlobalSection(ExtensibilityGlobals) = postSolution
		SolutionGuid = {27938571-CDE2-41B0-9A25-A0DE59E4FFB9}
	EndGlobalSection
EndGlobal
